
Microsoft Visual Studio Solution File, Format Version 12.00
# Visual Studio Version 17
VisualStudioVersion = 17.10.35004.147
MinimumVisualStudioVersion = 10.0.40219.1
Project("{FAE04EC0-301F-11D3-BF4B-00C04F79EFBC}") = "MyAPI", "MyAPI.csproj", "{E65A3D31-E66D-4A23-A202-77117D46F641}"
EndProject
Global
	GlobalSection(SolutionConfigurationPlatforms) = preSolution
		Debug|Any CPU = Debug|Any CPU
		Release|Any CPU = Release|Any CPU
	EndGlobalSection
	GlobalSection(ProjectConfigurationPlatforms) = postSolution
		{E65A3D31-E66D-4A23-A202-77117D46F641}.Debug|Any CPU.ActiveCfg = Debug|Any CPU
		{E65A3D31-E66D-4A23-A202-77117D46F641}.Debug|Any CPU.Build.0 = Debug|Any CPU
		{E65A3D31-E66D-4A23-A202-77117D46F641}.Release|Any CPU.ActiveCfg = Release|Any CPU
		{E65A3D31-E66D-4A23-A202-77117D46F641}.Release|Any CPU.Build.0 = Release|Any CPU
	EndGlobalSection
	GlobalSection(SolutionProperties) = preSolution
		HideSolutionNode = FALSE
	EndGlobalSection
	GlobalSection(ExtensibilityGlobals) = postSolution
		SolutionGuid = {8F7EF5FD-65E8-4657-9883-9100D0C6077A}
	EndGlobalSection
EndGlobal
